// !$*UTF8*$!
{
	archiveVersion = 1;
	classes = {
	};
	objectVersion = 50;
	objects = {

/* Begin PBXBuildFile section */
		77F99944271334EA0095F8AF /* Tests_iOS.swift in Sources */ = {isa = PBXBuildFile; fileRef = 77F99943271334EA0095F8AF /* Tests_iOS.swift */; };
		77F9994F271334EA0095F8AF /* Tests_macOS.swift in Sources */ = {isa = PBXBuildFile; fileRef = 77F9994E271334EA0095F8AF /* Tests_macOS.swift */; };
		77F99951271334EA0095F8AF /* TestGitApp.swift in Sources */ = {isa = PBXBuildFile; fileRef = 77F99928271334E80095F8AF /* TestGitApp.swift */; };
		77F99952271334EA0095F8AF /* TestGitApp.swift in Sources */ = {isa = PBXBuildFile; fileRef = 77F99928271334E80095F8AF /* TestGitApp.swift */; };
		77F99953271334EA0095F8AF /* ContentView.swift in Sources */ = {isa = PBXBuildFile; fileRef = 77F99929271334E80095F8AF /* ContentView.swift */; };
		77F99954271334EA0095F8AF /* ContentView.swift in Sources */ = {isa = PBXBuildFile; fileRef = 77F99929271334E80095F8AF /* ContentView.swift */; };
		77F99955271334EA0095F8AF /* Assets.xcassets in Resources */ = {isa = PBXBuildFile; fileRef = 77F9992A271334EA0095F8AF /* Assets.xcassets */; };
		77F99956271334EA0095F8AF /* Assets.xcassets in Resources */ = {isa = PBXBuildFile; fileRef = 77F9992A271334EA0095F8AF /* Assets.xcassets */; };
/* End PBXBuildFile section */

/* Begin PBXContainerItemProxy section */
		77F99940271334EA0095F8AF /* PBXContainerItemProxy */ = {
			isa = PBXContainerItemProxy;
			containerPortal = 77F99923271334E70095F8AF /* Project object */;
			proxyType = 1;
			remoteGlobalIDString = 77F9992E271334EA0095F8AF;
			remoteInfo = "TestGit (iOS)";
		};
		77F9994B271334EA0095F8AF /* PBXContainerItemProxy */ = {
			isa = PBXContainerItemProxy;
			containerPortal = 77F99923271334E70095F8AF /* Project object */;
			proxyType = 1;
			remoteGlobalIDString = 77F99936271334EA0095F8AF;
			remoteInfo = "TestGit (macOS)";
		};
/* End PBXContainerItemProxy section */

/* Begin PBXFileReference section */
		77F99928271334E80095F8AF /* TestGitApp.swift */ = {isa = PBXFileReference; lastKnownFileType = sourcecode.swift; path = TestGitApp.swift; sourceTree = "<group>"; };
		77F99929271334E80095F8AF /* ContentView.swift */ = {isa = PBXFileReference; lastKnownFileType = sourcecode.swift; path = ContentView.swift; sourceTree = "<group>"; };
		77F9992A271334EA0095F8AF /* Assets.xcassets */ = {isa = PBXFileReference; lastKnownFileType = folder.assetcatalog; path = Assets.xcassets; sourceTree = "<group>"; };
		77F9992F271334EA0095F8AF /* TestGit.app */ = {isa = PBXFileReference; explicitFileType = wrapper.application; includeInIndex = 0; path = TestGit.app; sourceTree = BUILT_PRODUCTS_DIR; };
		77F99932271334EA0095F8AF /* Info.plist */ = {isa = PBXFileReference; lastKnownFileType = text.plist.xml; path = Info.plist; sourceTree = "<group>"; };
		77F99937271334EA0095F8AF /* TestGit.app */ = {isa = PBXFileReference; explicitFileType = wrapper.application; includeInIndex = 0; path = TestGit.app; sourceTree = BUILT_PRODUCTS_DIR; };
		77F99939271334EA0095F8AF /* Info.plist */ = {isa = PBXFileReference; lastKnownFileType = text.plist.xml; path = Info.plist; sourceTree = "<group>"; };
		77F9993A271334EA0095F8AF /* macOS.entitlements */ = {isa = PBXFileReference; lastKnownFileType = text.plist.entitlements; path = macOS.entitlements; sourceTree = "<group>"; };
		77F9993F271334EA0095F8AF /* Tests iOS.xctest */ = {isa = PBXFileReference; explicitFileType = wrapper.cfbundle; includeInIndex = 0; path = "Tests iOS.xctest"; sourceTree = BUILT_PRODUCTS_DIR; };
		77F99943271334EA0095F8AF /* Tests_iOS.swift */ = {isa = PBXFileReference; lastKnownFileType = sourcecode.swift; path = Tests_iOS.swift; sourceTree = "<group>"; };
		77F99945271334EA0095F8AF /* Info.plist */ = {isa = PBXFileReference; lastKnownFileType = text.plist.xml; path = Info.plist; sourceTree = "<group>"; };
		77F9994A271334EA0095F8AF /* Tests macOS.xctest */ = {isa = PBXFileReference; explicitFileType = wrapper.cfbundle; includeInIndex = 0; path = "Tests macOS.xctest"; sourceTree = BUILT_PRODUCTS_DIR; };
		77F9994E271334EA0095F8AF /* Tests_macOS.swift */ = {isa = PBXFileReference; lastKnownFileType = sourcecode.swift; path = Tests_macOS.swift; sourceTree = "<group>"; };
		77F99950271334EA0095F8AF /* Info.plist */ = {isa = PBXFileReference; lastKnownFileType = text.plist.xml; path = Info.plist; sourceTree = "<group>"; };
/* End PBXFileReference section */

/* Begin PBXFrameworksBuildPhase section */
		77F9992C271334EA0095F8AF /* Frameworks */ = {
			isa = PBXFrameworksBuildPhase;
			buildActionMask = 2147483647;
			files = (
			);
			runOnlyForDeploymentPostprocessing = 0;
		};
		77F99934271334EA0095F8AF /* Frameworks */ = {
			isa = PBXFrameworksBuildPhase;
			buildActionMask = 2147483647;
			files = (
			);
			runOnlyForDeploymentPostprocessing = 0;
		};
		77F9993C271334EA0095F8AF /* Frameworks */ = {
			isa = PBXFrameworksBuildPhase;
			buildActionMask = 2147483647;
			files = (
			);
			runOnlyForDeploymentPostprocessing = 0;
		};
		77F99947271334EA0095F8AF /* Frameworks */ = {
			isa = PBXFrameworksBuildPhase;
			buildActionMask = 2147483647;
			files = (
			);
			runOnlyForDeploymentPostprocessing = 0;
		};
/* End PBXFrameworksBuildPhase section */

/* Begin PBXGroup section */
		77F99922271334E70095F8AF = {
			isa = PBXGroup;
			children = (
				77F99927271334E80095F8AF /* Shared */,
				77F99931271334EA0095F8AF /* iOS */,
				77F99938271334EA0095F8AF /* macOS */,
				77F99942271334EA0095F8AF /* Tests iOS */,
				77F9994D271334EA0095F8AF /* Tests macOS */,
				77F99930271334EA0095F8AF /* Products */,
			);
			sourceTree = "<group>";
		};
		77F99927271334E80095F8AF /* Shared */ = {
			isa = PBXGroup;
			children = (
				77F99928271334E80095F8AF /* TestGitApp.swift */,
				77F99929271334E80095F8AF /* ContentView.swift */,
				77F9992A271334EA0095F8AF /* Assets.xcassets */,
			);
			path = Shared;
			sourceTree = "<group>";
		};
		77F99930271334EA0095F8AF /* Products */ = {
			isa = PBXGroup;
			children = (
				77F9992F271334EA0095F8AF /* TestGit.app */,
				77F99937271334EA0095F8AF /* TestGit.app */,
				77F9993F271334EA0095F8AF /* Tests iOS.xctest */,
				77F9994A271334EA0095F8AF /* Tests macOS.xctest */,
			);
			name = Products;
			sourceTree = "<group>";
		};
		77F99931271334EA0095F8AF /* iOS */ = {
			isa = PBXGroup;
			children = (
				77F99932271334EA0095F8AF /* Info.plist */,
			);
			path = iOS;
			sourceTree = "<group>";
		};
		77F99938271334EA0095F8AF /* macOS */ = {
			isa = PBXGroup;
			children = (
				77F99939271334EA0095F8AF /* Info.plist */,
				77F9993A271334EA0095F8AF /* macOS.entitlements */,
			);
			path = macOS;
			sourceTree = "<group>";
		};
		77F99942271334EA0095F8AF /* Tests iOS */ = {
			isa = PBXGroup;
			children = (
				77F99943271334EA0095F8AF /* Tests_iOS.swift */,
				77F99945271334EA0095F8AF /* Info.plist */,
			);
			path = "Tests iOS";
			sourceTree = "<group>";
		};
		77F9994D271334EA0095F8AF /* Tests macOS */ = {
			isa = PBXGroup;
			children = (
				77F9994E271334EA0095F8AF /* Tests_macOS.swift */,
				77F99950271334EA0095F8AF /* Info.plist */,
			);
			path = "Tests macOS";
			sourceTree = "<group>";
		};
/* End PBXGroup section */

/* Begin PBXNativeTarget section */
		77F9992E271334EA0095F8AF /* TestGit (iOS) */ = {
			isa = PBXNativeTarget;
			buildConfigurationList = 77F99959271334EA0095F8AF /* Build configuration list for PBXNativeTarget "TestGit (iOS)" */;
			buildPhases = (
				77F9992B271334EA0095F8AF /* Sources */,
				77F9992C271334EA0095F8AF /* Frameworks */,
				77F9992D271334EA0095F8AF /* Resources */,
			);
			buildRules = (
			);
			dependencies = (
			);
			name = "TestGit (iOS)";
			productName = "TestGit (iOS)";
			productReference = 77F9992F271334EA0095F8AF /* TestGit.app */;
			productType = "com.apple.product-type.application";
		};
		77F99936271334EA0095F8AF /* TestGit (macOS) */ = {
			isa = PBXNativeTarget;
			buildConfigurationList = 77F9995C271334EA0095F8AF /* Build configuration list for PBXNativeTarget "TestGit (macOS)" */;
			buildPhases = (
				77F99933271334EA0095F8AF /* Sources */,
				77F99934271334EA0095F8AF /* Frameworks */,
				77F99935271334EA0095F8AF /* Resources */,
			);
			buildRules = (
			);
			dependencies = (
			);
			name = "TestGit (macOS)";
			productName = "TestGit (macOS)";
			productReference = 77F99937271334EA0095F8AF /* TestGit.app */;
			productType = "com.apple.product-type.application";
		};
		77F9993E271334EA0095F8AF /* Tests iOS */ = {
			isa = PBXNativeTarget;
			buildConfigurationList = 77F9995F271334EA0095F8AF /* Build configuration list for PBXNativeTarget "Tests iOS" */;
			buildPhases = (
				77F9993B271334EA0095F8AF /* Sources */,
				77F9993C271334EA0095F8AF /* Frameworks */,
				77F9993D271334EA0095F8AF /* Resources */,
			);
			buildRules = (
			);
			dependencies = (
				77F99941271334EA0095F8AF /* PBXTargetDependency */,
			);
			name = "Tests iOS";
			productName = "Tests iOS";
			productReference = 77F9993F271334EA0095F8AF /* Tests iOS.xctest */;
			productType = "com.apple.product-type.bundle.ui-testing";
		};
		77F99949271334EA0095F8AF /* Tests macOS */ = {
			isa = PBXNativeTarget;
			buildConfigurationList = 77F99962271334EA0095F8AF /* Build configuration list for PBXNativeTarget "Tests macOS" */;
			buildPhases = (
				77F99946271334EA0095F8AF /* Sources */,
				77F99947271334EA0095F8AF /* Frameworks */,
				77F99948271334EA0095F8AF /* Resources */,
			);
			buildRules = (
			);
			dependencies = (
				77F9994C271334EA0095F8AF /* PBXTargetDependency */,
			);
			name = "Tests macOS";
			productName = "Tests macOS";
			productReference = 77F9994A271334EA0095F8AF /* Tests macOS.xctest */;
			productType = "com.apple.product-type.bundle.ui-testing";
		};
/* End PBXNativeTarget section */

/* Begin PBXProject section */
		77F99923271334E70095F8AF /* Project object */ = {
			isa = PBXProject;
			attributes = {
				LastSwiftUpdateCheck = 1250;
				LastUpgradeCheck = 1250;
				TargetAttributes = {
					77F9992E271334EA0095F8AF = {
						CreatedOnToolsVersion = 12.5;
					};
					77F99936271334EA0095F8AF = {
						CreatedOnToolsVersion = 12.5;
					};
					77F9993E271334EA0095F8AF = {
						CreatedOnToolsVersion = 12.5;
						TestTargetID = 77F9992E271334EA0095F8AF;
					};
					77F99949271334EA0095F8AF = {
						CreatedOnToolsVersion = 12.5;
						TestTargetID = 77F99936271334EA0095F8AF;
					};
				};
			};
			buildConfigurationList = 77F99926271334E70095F8AF /* Build configuration list for PBXProject "TestGit" */;
			compatibilityVersion = "Xcode 9.3";
			developmentRegion = en;
			hasScannedForEncodings = 0;
			knownRegions = (
				en,
				Base,
			);
			mainGroup = 77F99922271334E70095F8AF;
			productRefGroup = 77F99930271334EA0095F8AF /* Products */;
			projectDirPath = "";
			projectRoot = "";
			targets = (
				77F9992E271334EA0095F8AF /* TestGit (iOS) */,
				77F99936271334EA0095F8AF /* TestGit (macOS) */,
				77F9993E271334EA0095F8AF /* Tests iOS */,
				77F99949271334EA0095F8AF /* Tests macOS */,
			);
		};
/* End PBXProject section */

/* Begin PBXResourcesBuildPhase section */
		77F9992D271334EA0095F8AF /* Resources */ = {
			isa = PBXResourcesBuildPhase;
			buildActionMask = 2147483647;
			files = (
				77F99955271334EA0095F8AF /* Assets.xcassets in Resources */,
			);
			runOnlyForDeploymentPostprocessing = 0;
		};
		77F99935271334EA0095F8AF /* Resources */ = {
			isa = PBXResourcesBuildPhase;
			buildActionMask = 2147483647;
			files = (
				77F99956271334EA0095F8AF /* Assets.xcassets in Resources */,
			);
			runOnlyForDeploymentPostprocessing = 0;
		};
		77F9993D271334EA0095F8AF /* Resources */ = {
			isa = PBXResourcesBuildPhase;
			buildActionMask = 2147483647;
			files = (
			);
			runOnlyForDeploymentPostprocessing = 0;
		};
		77F99948271334EA0095F8AF /* Resources */ = {
			isa = PBXResourcesBuildPhase;
			buildActionMask = 2147483647;
			files = (
			);
			runOnlyForDeploymentPostprocessing = 0;
		};
/* End PBXResourcesBuildPhase section */

/* Begin PBXSourcesBuildPhase section */
		77F9992B271334EA0095F8AF /* Sources */ = {
			isa = PBXSourcesBuildPhase;
			buildActionMask = 2147483647;
			files = (
				77F99953271334EA0095F8AF /* ContentView.swift in Sources */,
				77F99951271334EA0095F8AF /* TestGitApp.swift in Sources */,
			);
			runOnlyForDeploymentPostprocessing = 0;
		};
		77F99933271334EA0095F8AF /* Sources */ = {
			isa = PBXSourcesBuildPhase;
			buildActionMask = 2147483647;
			files = (
				77F99954271334EA0095F8AF /* ContentView.swift in Sources */,
				77F99952271334EA0095F8AF /* TestGitApp.swift in Sources */,
			);
			runOnlyForDeploymentPostprocessing = 0;
		};
		77F9993B271334EA0095F8AF /* Sources */ = {
			isa = PBXSourcesBuildPhase;
			buildActionMask = 2147483647;
			files = (
				77F99944271334EA0095F8AF /* Tests_iOS.swift in Sources */,
			);
			runOnlyForDeploymentPostprocessing = 0;
		};
		77F99946271334EA0095F8AF /* Sources */ = {
			isa = PBXSourcesBuildPhase;
			buildActionMask = 2147483647;
			files = (
				77F9994F271334EA0095F8AF /* Tests_macOS.swift in Sources */,
			);
			runOnlyForDeploymentPostprocessing = 0;
		};
/* End PBXSourcesBuildPhase section */

/* Begin PBXTargetDependency section */
		77F99941271334EA0095F8AF /* PBXTargetDependency */ = {
			isa = PBXTargetDependency;
			target = 77F9992E271334EA0095F8AF /* TestGit (iOS) */;
			targetProxy = 77F99940271334EA0095F8AF /* PBXContainerItemProxy */;
		};
		77F9994C271334EA0095F8AF /* PBXTargetDependency */ = {
			isa = PBXTargetDependency;
			target = 77F99936271334EA0095F8AF /* TestGit (macOS) */;
			targetProxy = 77F9994B271334EA0095F8AF /* PBXContainerItemProxy */;
		};
/* End PBXTargetDependency section */

/* Begin XCBuildConfiguration section */
		77F99957271334EA0095F8AF /* Debug */ = {
			isa = XCBuildConfiguration;
			buildSettings = {
				ALWAYS_SEARCH_USER_PATHS = NO;
				CLANG_ANALYZER_NONNULL = YES;
				CLANG_ANALYZER_NUMBER_OBJECT_CONVERSION = YES_AGGRESSIVE;
				CLANG_CXX_LANGUAGE_STANDARD = "gnu++14";
				CLANG_CXX_LIBRARY = "libc++";
				CLANG_ENABLE_MODULES = YES;
				CLANG_ENABLE_OBJC_ARC = YES;
				CLANG_ENABLE_OBJC_WEAK = YES;
				CLANG_WARN_BLOCK_CAPTURE_AUTORELEASING = YES;
				CLANG_WARN_BOOL_CONVERSION = YES;
				CLANG_WARN_COMMA = YES;
				CLANG_WARN_CONSTANT_CONVERSION = YES;
				CLANG_WARN_DEPRECATED_OBJC_IMPLEMENTATIONS = YES;
				CLANG_WARN_DIRECT_OBJC_ISA_USAGE = YES_ERROR;
				CLANG_WARN_DOCUMENTATION_COMMENTS = YES;
				CLANG_WARN_EMPTY_BODY = YES;
				CLANG_WARN_ENUM_CONVERSION = YES;
				CLANG_WARN_INFINITE_RECURSION = YES;
				CLANG_WARN_INT_CONVERSION = YES;
				CLANG_WARN_NON_LITERAL_NULL_CONVERSION = YES;
				CLANG_WARN_OBJC_IMPLICIT_RETAIN_SELF = YES;
				CLANG_WARN_OBJC_LITERAL_CONVERSION = YES;
				CLANG_WARN_OBJC_ROOT_CLASS = YES_ERROR;
				CLANG_WARN_QUOTED_INCLUDE_IN_FRAMEWORK_HEADER = YES;
				CLANG_WARN_RANGE_LOOP_ANALYSIS = YES;
				CLANG_WARN_STRICT_PROTOTYPES = YES;
				CLANG_WARN_SUSPICIOUS_MOVE = YES;
				CLANG_WARN_UNGUARDED_AVAILABILITY = YES_AGGRESSIVE;
				CLANG_WARN_UNREACHABLE_CODE = YES;
				CLANG_WARN__DUPLICATE_METHOD_MATCH = YES;
				COPY_PHASE_STRIP = NO;
				DEBUG_INFORMATION_FORMAT = dwarf;
				ENABLE_STRICT_OBJC_MSGSEND = YES;
				ENABLE_TESTABILITY = YES;
				GCC_C_LANGUAGE_STANDARD = gnu11;
				GCC_DYNAMIC_NO_PIC = NO;
				GCC_NO_COMMON_BLOCKS = YES;
				GCC_OPTIMIZATION_LEVEL = 0;
				GCC_PREPROCESSOR_DEFINITIONS = (
					"DEBUG=1",
					"$(inherited)",
				);
				GCC_WARN_64_TO_32_BIT_CONVERSION = YES;
				GCC_WARN_ABOUT_RETURN_TYPE = YES_ERROR;
				GCC_WARN_UNDECLARED_SELECTOR = YES;
				GCC_WARN_UNINITIALIZED_AUTOS = YES_AGGRESSIVE;
				GCC_WARN_UNUSED_FUNCTION = YES;
				GCC_WARN_UNUSED_VARIABLE = YES;
				MTL_ENABLE_DEBUG_INFO = INCLUDE_SOURCE;
				MTL_FAST_MATH = YES;
				ONLY_ACTIVE_ARCH = YES;
				SWIFT_ACTIVE_COMPILATION_CONDITIONS = DEBUG;
				SWIFT_OPTIMIZATION_LEVEL = "-Onone";
			};
			name = Debug;
		};
		77F99958271334EA0095F8AF /* Release */ = {
			isa = XCBuildConfiguration;
			buildSettings = {
				ALWAYS_SEARCH_USER_PATHS = NO;
				CLANG_ANALYZER_NONNULL = YES;
				CLANG_ANALYZER_NUMBER_OBJECT_CONVERSION = YES_AGGRESSIVE;
				CLANG_CXX_LANGUAGE_STANDARD = "gnu++14";
				CLANG_CXX_LIBRARY = "libc++";
				CLANG_ENABLE_MODULES = YES;
				CLANG_ENABLE_OBJC_ARC = YES;
				CLANG_ENABLE_OBJC_WEAK = YES;
				CLANG_WARN_BLOCK_CAPTURE_AUTORELEASING = YES;
				CLANG_WARN_BOOL_CONVERSION = YES;
				CLANG_WARN_COMMA = YES;
				CLANG_WARN_CONSTANT_CONVERSION = YES;
				CLANG_WARN_DEPRECATED_OBJC_IMPLEMENTATIONS = YES;
				CLANG_WARN_DIRECT_OBJC_ISA_USAGE = YES_ERROR;
				CLANG_WARN_DOCUMENTATION_COMMENTS = YES;
				CLANG_WARN_EMPTY_BODY = YES;
				CLANG_WARN_ENUM_CONVERSION = YES;
				CLANG_WARN_INFINITE_RECURSION = YES;
				CLANG_WARN_INT_CONVERSION = YES;
				CLANG_WARN_NON_LITERAL_NULL_CONVERSION = YES;
				CLANG_WARN_OBJC_IMPLICIT_RETAIN_SELF = YES;
				CLANG_WARN_OBJC_LITERAL_CONVERSION = YES;
				CLANG_WARN_OBJC_ROOT_CLASS = YES_ERROR;
				CLANG_WARN_QUOTED_INCLUDE_IN_FRAMEWORK_HEADER = YES;
				CLANG_WARN_RANGE_LOOP_ANALYSIS = YES;
				CLANG_WARN_STRICT_PROTOTYPES = YES;
				CLANG_WARN_SUSPICIOUS_MOVE = YES;
				CLANG_WARN_UNGUARDED_AVAILABILITY = YES_AGGRESSIVE;
				CLANG_WARN_UNREACHABLE_CODE = YES;
				CLANG_WARN__DUPLICATE_METHOD_MATCH = YES;
				COPY_PHASE_STRIP = NO;
				DEBUG_INFORMATION_FORMAT = "dwarf-with-dsym";
				ENABLE_NS_ASSERTIONS = NO;
				ENABLE_STRICT_OBJC_MSGSEND = YES;
				GCC_C_LANGUAGE_STANDARD = gnu11;
				GCC_NO_COMMON_BLOCKS = YES;
				GCC_WARN_64_TO_32_BIT_CONVERSION = YES;
				GCC_WARN_ABOUT_RETURN_TYPE = YES_ERROR;
				GCC_WARN_UNDECLARED_SELECTOR = YES;
				GCC_WARN_UNINITIALIZED_AUTOS = YES_AGGRESSIVE;
				GCC_WARN_UNUSED_FUNCTION = YES;
				GCC_WARN_UNUSED_VARIABLE = YES;
				MTL_ENABLE_DEBUG_INFO = NO;
				MTL_FAST_MATH = YES;
				SWIFT_COMPILATION_MODE = wholemodule;
				SWIFT_OPTIMIZATION_LEVEL = "-O";
			};
			name = Release;
		};
		77F9995A271334EA0095F8AF /* Debug */ = {
			isa = XCBuildConfiguration;
			buildSettings = {
				ASSETCATALOG_COMPILER_APPICON_NAME = AppIcon;
				ASSETCATALOG_COMPILER_GLOBAL_ACCENT_COLOR_NAME = AccentColor;
				CODE_SIGN_STYLE = Automatic;
				ENABLE_PREVIEWS = YES;
				INFOPLIST_FILE = iOS/Info.plist;
				IPHONEOS_DEPLOYMENT_TARGET = 14.0;
				LD_RUNPATH_SEARCH_PATHS = (
					"$(inherited)",
					"@executable_path/Frameworks",
				);
				PRODUCT_BUNDLE_IDENTIFIER = com.test.TestGit;
				PRODUCT_NAME = TestGit;
				SDKROOT = iphoneos;
				SWIFT_VERSION = 5.0;
				TARGETED_DEVICE_FAMILY = "1,2";
			};
			name = Debug;
		};
		77F9995B271334EA0095F8AF /* Release */ = {
			isa = XCBuildConfiguration;
			buildSettings = {
				ASSETCATALOG_COMPILER_APPICON_NAME = AppIcon;
				ASSETCATALOG_COMPILER_GLOBAL_ACCENT_COLOR_NAME = AccentColor;
				CODE_SIGN_STYLE = Automatic;
				ENABLE_PREVIEWS = YES;
				INFOPLIST_FILE = iOS/Info.plist;
				IPHONEOS_DEPLOYMENT_TARGET = 14.0;
				LD_RUNPATH_SEARCH_PATHS = (
					"$(inherited)",
					"@executable_path/Frameworks",
				);
				PRODUCT_BUNDLE_IDENTIFIER = com.test.TestGit;
				PRODUCT_NAME = TestGit;
				SDKROOT = iphoneos;
				SWIFT_VERSION = 5.0;
				TARGETED_DEVICE_FAMILY = "1,2";
				VALIDATE_PRODUCT = YES;
			};
			name = Release;
		};
		77F9995D271334EA0095F8AF /* Debug */ = {
			isa = XCBuildConfiguration;
			buildSettings = {
				ASSETCATALOG_COMPILER_APPICON_NAME = AppIcon;
				ASSETCATALOG_COMPILER_GLOBAL_ACCENT_COLOR_NAME = AccentColor;
				CODE_SIGN_ENTITLEMENTS = macOS/macOS.entitlements;
				CODE_SIGN_STYLE = Automatic;
				COMBINE_HIDPI_IMAGES = YES;
				ENABLE_PREVIEWS = YES;
				INFOPLIST_FILE = macOS/Info.plist;
				LD_RUNPATH_SEARCH_PATHS = (
					"$(inherited)",
					"@executable_path/../Frameworks",
				);
				MACOSX_DEPLOYMENT_TARGET = 11.0;
				PRODUCT_BUNDLE_IDENTIFIER = com.test.TestGit;
				PRODUCT_NAME = TestGit;
				SDKROOT = macosx;
				SWIFT_VERSION = 5.0;
			};
			name = Debug;
		};
		77F9995E271334EA0095F8AF /* Release */ = {
			isa = XCBuildConfiguration;
			buildSettings = {
				ASSETCATALOG_COMPILER_APPICON_NAME = AppIcon;
				ASSETCATALOG_COMPILER_GLOBAL_ACCENT_COLOR_NAME = AccentColor;
				CODE_SIGN_ENTITLEMENTS = macOS/macOS.entitlements;
				CODE_SIGN_STYLE = Automatic;
				COMBINE_HIDPI_IMAGES = YES;
				ENABLE_PREVIEWS = YES;
				INFOPLIST_FILE = macOS/Info.plist;
				LD_RUNPATH_SEARCH_PATHS = (
					"$(inherited)",
					"@executable_path/../Frameworks",
				);
				MACOSX_DEPLOYMENT_TARGET = 11.0;
				PRODUCT_BUNDLE_IDENTIFIER = com.test.TestGit;
				PRODUCT_NAME = TestGit;
				SDKROOT = macosx;
				SWIFT_VERSION = 5.0;
			};
			name = Release;
		};
		77F99960271334EA0095F8AF /* Debug */ = {
			isa = XCBuildConfiguration;
			buildSettings = {
				ALWAYS_EMBED_SWIFT_STANDARD_LIBRARIES = YES;
				CODE_SIGN_STYLE = Automatic;
				INFOPLIST_FILE = "Tests iOS/Info.plist";
				IPHONEOS_DEPLOYMENT_TARGET = 14.5;
				LD_RUNPATH_SEARCH_PATHS = (
					"$(inherited)",
					"@executable_path/Frameworks",
					"@loader_path/Frameworks",
				);
				PRODUCT_BUNDLE_IDENTIFIER = "com.test.Tests-iOS";
				PRODUCT_NAME = "$(TARGET_NAME)";
				SDKROOT = iphoneos;
				SWIFT_VERSION = 5.0;
				TARGETED_DEVICE_FAMILY = "1,2";
				TEST_TARGET_NAME = "TestGit (iOS)";
			};
			name = Debug;
		};
		77F99961271334EA0095F8AF /* Release */ = {
			isa = XCBuildConfiguration;
			buildSettings = {
				ALWAYS_EMBED_SWIFT_STANDARD_LIBRARIES = YES;
				CODE_SIGN_STYLE = Automatic;
				INFOPLIST_FILE = "Tests iOS/Info.plist";
				IPHONEOS_DEPLOYMENT_TARGET = 14.5;
				LD_RUNPATH_SEARCH_PATHS = (
					"$(inherited)",
					"@executable_path/Frameworks",
					"@loader_path/Frameworks",
				);
				PRODUCT_BUNDLE_IDENTIFIER = "com.test.Tests-iOS";
				PRODUCT_NAME = "$(TARGET_NAME)";
				SDKROOT = iphoneos;
				SWIFT_VERSION = 5.0;
				TARGETED_DEVICE_FAMILY = "1,2";
				TEST_TARGET_NAME = "TestGit (iOS)";
				VALIDATE_PRODUCT = YES;
			};
			name = Release;
		};
		77F99963271334EA0095F8AF /* Debug */ = {
			isa = XCBuildConfiguration;
			buildSettings = {
				ALWAYS_EMBED_SWIFT_STANDARD_LIBRARIES = YES;
				CODE_SIGN_STYLE = Automatic;
				COMBINE_HIDPI_IMAGES = YES;
				INFOPLIST_FILE = "Tests macOS/Info.plist";
				LD_RUNPATH_SEARCH_PATHS = (
					"$(inherited)",
					"@executable_path/../Frameworks",
					"@loader_path/../Frameworks",
				);
				MACOSX_DEPLOYMENT_TARGET = 11.3;
				PRODUCT_BUNDLE_IDENTIFIER = "com.test.Tests-macOS";
				PRODUCT_NAME = "$(TARGET_NAME)";
				SDKROOT = macosx;
				SWIFT_VERSION = 5.0;
				TEST_TARGET_NAME = "TestGit (macOS)";
			};
			name = Debug;
		};
		77F99964271334EA0095F8AF /* Release */ = {
			isa = XCBuildConfiguration;
			buildSettings = {
				ALWAYS_EMBED_SWIFT_STANDARD_LIBRARIES = YES;
				CODE_SIGN_STYLE = Automatic;
				COMBINE_HIDPI_IMAGES = YES;
				INFOPLIST_FILE = "Tests macOS/Info.plist";
				LD_RUNPATH_SEARCH_PATHS = (
					"$(inherited)",
					"@executable_path/../Frameworks",
					"@loader_path/../Frameworks",
				);
				MACOSX_DEPLOYMENT_TARGET = 11.3;
				PRODUCT_BUNDLE_IDENTIFIER = "com.test.Tests-macOS";
				PRODUCT_NAME = "$(TARGET_NAME)";
				SDKROOT = macosx;
				SWIFT_VERSION = 5.0;
				TEST_TARGET_NAME = "TestGit (macOS)";
			};
			name = Release;
		};
/* End XCBuildConfiguration section */

/* Begin XCConfigurationList section */
		77F99926271334E70095F8AF /* Build configuration list for PBXProject "TestGit" */ = {
			isa = XCConfigurationList;
			buildConfigurations = (
				77F99957271334EA0095F8AF /* Debug */,
				77F99958271334EA0095F8AF /* Release */,
			);
			defaultConfigurationIsVisible = 0;
			defaultConfigurationName = Release;
		};
		77F99959271334EA0095F8AF /* Build configuration list for PBXNativeTarget "TestGit (iOS)" */ = {
			isa = XCConfigurationList;
			buildConfigurations = (
				77F9995A271334EA0095F8AF /* Debug */,
				77F9995B271334EA0095F8AF /* Release */,
			);
			defaultConfigurationIsVisible = 0;
			defaultConfigurationName = Release;
		};
		77F9995C271334EA0095F8AF /* Build configuration list for PBXNativeTarget "TestGit (macOS)" */ = {
			isa = XCConfigurationList;
			buildConfigurations = (
				77F9995D271334EA0095F8AF /* Debug */,
				77F9995E271334EA0095F8AF /* Release */,
			);
			defaultConfigurationIsVisible = 0;
			defaultConfigurationName = Release;
		};
		77F9995F271334EA0095F8AF /* Build configuration list for PBXNativeTarget "Tests iOS" */ = {
			isa = XCConfigurationList;
			buildConfigurations = (
				77F99960271334EA0095F8AF /* Debug */,
				77F99961271334EA0095F8AF /* Release */,
			);
			defaultConfigurationIsVisible = 0;
			defaultConfigurationName = Release;
		};
		77F99962271334EA0095F8AF /* Build configuration list for PBXNativeTarget "Tests macOS" */ = {
			isa = XCConfigurationList;
			buildConfigurations = (
				77F99963271334EA0095F8AF /* Debug */,
				77F99964271334EA0095F8AF /* Release */,
			);
			defaultConfigurationIsVisible = 0;
			defaultConfigurationName = Release;
		};
/* End XCConfigurationList section */
	};
	rootObject = 77F99923271334E70095F8AF /* Project object */;
}
